
Microsoft Visual Studio Solution File, Format Version 12.00
# Visual Studio 15
Project("{FAE04EC0-301F-11D3-BF4B-00C04F79EFBC}") = "Assembly-CSharp", "Assembly-CSharp.csproj", "{64E2F6C6-1576-AED7-02C5-6D94F5E99C09}"
EndProject
Project("{FAE04EC0-301F-11D3-BF4B-00C04F79EFBC}") = "Boxophobic.Utils.Scripts", "Boxophobic.Utils.Scripts.csproj", "{2A6E8A51-C2E9-A99A-DEF0-F12A241CD785}"
EndProject
Project("{FAE04EC0-301F-11D3-BF4B-00C04F79EFBC}") = "Boxophobic.Utils.Editor", "Boxophobic.Utils.Editor.csproj", "{CA6107AC-24C9-48DB-B0A3-F5891D0DCEDF}"
EndProject
Project("{FAE04EC0-301F-11D3-BF4B-00C04F79EFBC}") = "Boxophobic.SkyboxCubemapExtended.Editor", "Boxophobic.SkyboxCubemapExtended.Editor.csproj", "{ADD3135F-171F-09D7-9FD5-60D76F4229B5}"
EndProject
Global
	GlobalSection(SolutionConfigurationPlatforms) = preSolution
		Debug|Any CPU = Debug|Any CPU
		Release|Any CPU = Release|Any CPU
	EndGlobalSection
	GlobalSection(ProjectConfigurationPlatforms) = postSolution
		{64E2F6C6-1576-AED7-02C5-6D94F5E99C09}.Debug|Any CPU.ActiveCfg = Debug|Any CPU
		{64E2F6C6-1576-AED7-02C5-6D94F5E99C09}.Debug|Any CPU.Build.0 = Debug|Any CPU
		{64E2F6C6-1576-AED7-02C5-6D94F5E99C09}.Release|Any CPU.ActiveCfg = Release|Any CPU
		{64E2F6C6-1576-AED7-02C5-6D94F5E99C09}.Release|Any CPU.Build.0 = Release|Any CPU
		{2A6E8A51-C2E9-A99A-DEF0-F12A241CD785}.Debug|Any CPU.ActiveCfg = Debug|Any CPU
		{2A6E8A51-C2E9-A99A-DEF0-F12A241CD785}.Debug|Any CPU.Build.0 = Debug|Any CPU
		{2A6E8A51-C2E9-A99A-DEF0-F12A241CD785}.Release|Any CPU.ActiveCfg = Release|Any CPU
		{2A6E8A51-C2E9-A99A-DEF0-F12A241CD785}.Release|Any CPU.Build.0 = Release|Any CPU
		{CA6107AC-24C9-48DB-B0A3-F5891D0DCEDF}.Debug|Any CPU.ActiveCfg = Debug|Any CPU
		{CA6107AC-24C9-48DB-B0A3-F5891D0DCEDF}.Debug|Any CPU.Build.0 = Debug|Any CPU
		{CA6107AC-24C9-48DB-B0A3-F5891D0DCEDF}.Release|Any CPU.ActiveCfg = Release|Any CPU
		{CA6107AC-24C9-48DB-B0A3-F5891D0DCEDF}.Release|Any CPU.Build.0 = Release|Any CPU
		{ADD3135F-171F-09D7-9FD5-60D76F4229B5}.Debug|Any CPU.ActiveCfg = Debug|Any CPU
		{ADD3135F-171F-09D7-9FD5-60D76F4229B5}.Debug|Any CPU.Build.0 = Debug|Any CPU
		{ADD3135F-171F-09D7-9FD5-60D76F4229B5}.Release|Any CPU.ActiveCfg = Release|Any CPU
		{ADD3135F-171F-09D7-9FD5-60D76F4229B5}.Release|Any CPU.Build.0 = Release|Any CPU
	EndGlobalSection
	GlobalSection(SolutionProperties) = preSolution
		HideSolutionNode = FALSE
	EndGlobalSection
EndGlobal
